version: 6
environments:
  default:
    channels:
    - url: https://conda.anaconda.org/conda-forge/
    options:
      pypi-prerelease-mode: if-necessary-or-explicit
    packages: {}
  nvcc:
    channels:
    - url: https://conda.anaconda.org/conda-forge/
    options:
      pypi-prerelease-mode: if-necessary-or-explicit
    packages:
      linux-64:
      - conda: https://conda.anaconda.org/conda-forge/linux-64/_openmp_mutex-4.5-20_gnu.conda
      - conda: https://conda.anaconda.org/conda-forge/linux-64/binutils_impl_linux-64-2.45.1-default_hfdba357_101.conda
      - conda: https://conda.anaconda.org/conda-forge/linux-64/binutils_linux-64-2.45.1-default_h4852527_101.conda
      - conda: https://conda.anaconda.org/conda-forge/linux-64/bzip2-1.0.8-hda65f42_9.conda
      - conda: https://conda.anaconda.org/conda-forge/linux-64/c-ares-1.34.6-hb03c661_0.conda
      - conda: https://conda.anaconda.org/conda-forge/noarch/ca-certificates-2026.2.25-hbd8a1cb_0.conda
      - conda: https://conda.anaconda.org/conda-forge/linux-64/cmake-4.2.3-hc85cc9f_1.conda
      - conda: https://conda.anaconda.org/conda-forge/noarch/cuda-cccl_linux-64-12.9.27-ha770c72_0.conda
      - conda: https://conda.anaconda.org/conda-forge/noarch/cuda-crt-dev_linux-64-12.9.86-ha770c72_2.conda
      - conda: https://conda.anaconda.org/conda-forge/linux-64/cuda-crt-tools-12.9.86-ha770c72_2.conda
      - conda: https://conda.anaconda.org/conda-forge/linux-64/cuda-cudart-12.9.79-h5888daf_0.conda
      - conda: https://conda.anaconda.org/conda-forge/linux-64/cuda-cudart-dev-12.9.79-h5888daf_0.conda
      - conda: https://conda.anaconda.org/conda-forge/noarch/cuda-cudart-dev_linux-64-12.9.79-h3f2d84a_0.conda
      - conda: https://conda.anaconda.org/conda-forge/linux-64/cuda-cudart-static-12.9.79-h5888daf_0.conda
      - conda: https://conda.anaconda.org/conda-forge/noarch/cuda-cudart-static_linux-64-12.9.79-h3f2d84a_0.conda
      - conda: https://conda.anaconda.org/conda-forge/noarch/cuda-cudart_linux-64-12.9.79-h3f2d84a_0.conda
      - conda: https://conda.anaconda.org/conda-forge/noarch/cuda-driver-dev_linux-64-12.9.79-h3f2d84a_0.conda
      - conda: https://conda.anaconda.org/conda-forge/linux-64/cuda-nvcc-12.9.86-hcdd1206_6.conda
      - conda: https://conda.anaconda.org/conda-forge/noarch/cuda-nvcc-dev_linux-64-12.9.86-he91c749_2.conda
      - conda: https://conda.anaconda.org/conda-forge/linux-64/cuda-nvcc-impl-12.9.86-h85509e4_2.conda
      - conda: https://conda.anaconda.org/conda-forge/linux-64/cuda-nvcc-tools-12.9.86-he02047a_2.conda
      - conda: https://conda.anaconda.org/conda-forge/linux-64/cuda-nvcc_linux-64-12.9.86-he0b4e1d_6.conda
      - conda: https://conda.anaconda.org/conda-forge/noarch/cuda-nvvm-dev_linux-64-12.9.86-ha770c72_2.conda
      - conda: https://conda.anaconda.org/conda-forge/linux-64/cuda-nvvm-impl-12.9.86-h4bc722e_2.conda
      - conda: https://conda.anaconda.org/conda-forge/linux-64/cuda-nvvm-tools-12.9.86-h4bc722e_2.conda
      - conda: https://conda.anaconda.org/conda-forge/noarch/cuda-version-12.9-h4f385c5_3.conda
      - conda: https://conda.anaconda.org/conda-forge/linux-64/gcc_impl_linux-64-14.3.0-hbdf3cc3_18.conda
      - conda: https://conda.anaconda.org/conda-forge/linux-64/gcc_linux-64-14.3.0-h298d278_21.conda
      - conda: https://conda.anaconda.org/conda-forge/linux-64/gxx_impl_linux-64-14.3.0-h2185e75_18.conda
      - conda: https://conda.anaconda.org/conda-forge/linux-64/gxx_linux-64-14.3.0-he467f4b_21.conda
      - conda: https://conda.anaconda.org/conda-forge/noarch/kernel-headers_linux-64-4.18.0-he073ed8_9.conda
      - conda: https://conda.anaconda.org/conda-forge/linux-64/keyutils-1.6.3-hb9d3cd8_0.conda
      - conda: https://conda.anaconda.org/conda-forge/linux-64/krb5-1.22.2-ha1258a1_0.conda
      - conda: https://conda.anaconda.org/conda-forge/linux-64/ld_impl_linux-64-2.45.1-default_hbd61a6d_101.conda
      - conda: https://conda.anaconda.org/conda-forge/linux-64/libcurl-8.18.0-hcf29cc6_1.conda
      - conda: https://conda.anaconda.org/conda-forge/linux-64/libedit-3.1.20250104-pl5321h7949ede_0.conda
      - conda: https://conda.anaconda.org/conda-forge/linux-64/libev-4.33-hd590300_2.conda
      - conda: https://conda.anaconda.org/conda-forge/linux-64/libexpat-2.7.4-hecca717_0.conda
      - conda: https://conda.anaconda.org/conda-forge/linux-64/libgcc-15.2.0-he0feb66_18.conda
      - conda: https://conda.anaconda.org/conda-forge/noarch/libgcc-devel_linux-64-14.3.0-hf649bbc_118.conda
      - conda: https://conda.anaconda.org/conda-forge/linux-64/libgcc-ng-15.2.0-h69a702a_18.conda
      - conda: https://conda.anaconda.org/conda-forge/linux-64/libgomp-15.2.0-he0feb66_18.conda
      - conda: https://conda.anaconda.org/conda-forge/linux-64/liblzma-5.8.2-hb03c661_0.conda
      - conda: https://conda.anaconda.org/conda-forge/linux-64/libnghttp2-1.67.0-had1ee68_0.conda
      - conda: https://conda.anaconda.org/conda-forge/linux-64/libnvptxcompiler-dev-12.9.86-ha770c72_2.conda
      - conda: https://conda.anaconda.org/conda-forge/noarch/libnvptxcompiler-dev_linux-64-12.9.86-ha770c72_2.conda
      - conda: https://conda.anaconda.org/conda-forge/linux-64/libsanitizer-14.3.0-h8f1669f_18.conda
      - conda: https://conda.anaconda.org/conda-forge/linux-64/libssh2-1.11.1-hcf80075_0.conda
      - conda: https://conda.anaconda.org/conda-forge/linux-64/libstdcxx-15.2.0-h934c35e_18.conda
      - conda: https://conda.anaconda.org/conda-forge/noarch/libstdcxx-devel_linux-64-14.3.0-h9f08a49_118.conda
      - conda: https://conda.anaconda.org/conda-forge/linux-64/libuv-1.51.0-hb03c661_1.conda
      - conda: https://conda.anaconda.org/conda-forge/linux-64/libzlib-1.3.1-hb9d3cd8_2.conda
      - conda: https://conda.anaconda.org/conda-forge/linux-64/ncurses-6.5-h2d0b736_3.conda
      - conda: https://conda.anaconda.org/conda-forge/linux-64/ninja-1.13.2-h171cf75_0.conda
      - conda: https://conda.anaconda.org/conda-forge/linux-64/openssl-3.6.1-h35e630c_1.conda
      - conda: https://conda.anaconda.org/conda-forge/linux-64/rhash-1.4.6-hb9d3cd8_1.conda
      - conda: https://conda.anaconda.org/conda-forge/noarch/sysroot_linux-64-2.28-h4ee821c_9.conda
      - conda: https://conda.anaconda.org/conda-forge/noarch/tzdata-2025c-hc9c84f9_1.conda
      - conda: https://conda.anaconda.org/conda-forge/linux-64/zstd-1.5.7-hb78ec9c_6.conda
  scale:
    channels:
    - url: https://conda.anaconda.org/conda-forge/
    options:
      pypi-prerelease-mode: if-necessary-or-explicit
    packages:
      linux-64:
      - conda: https://conda.anaconda.org/conda-forge/linux-64/_openmp_mutex-4.5-20_gnu.conda
      - conda: https://conda.anaconda.org/conda-forge/linux-64/binutils_impl_linux-64-2.45.1-default_hfdba357_101.conda
      - conda: https://conda.anaconda.org/conda-forge/linux-64/bzip2-1.0.8-hda65f42_9.conda
      - conda: https://conda.anaconda.org/conda-forge/linux-64/c-ares-1.34.6-hb03c661_0.conda
      - conda: https://conda.anaconda.org/conda-forge/noarch/ca-certificates-2026.2.25-hbd8a1cb_0.conda
      - conda: https://conda.anaconda.org/conda-forge/linux-64/cmake-4.2.3-hc85cc9f_1.conda
      - conda: https://conda.anaconda.org/conda-forge/linux-64/conda-gcc-specs-15.2.0-h53410ce_18.conda
      - conda: https://conda.anaconda.org/conda-forge/linux-64/gcc-15.2.0-h0dff253_18.conda
      - conda: https://conda.anaconda.org/conda-forge/linux-64/gcc_impl_linux-64-15.2.0-he420e7e_18.conda
      - conda: https://conda.anaconda.org/conda-forge/linux-64/gxx-15.2.0-h834e499_7.conda
      - conda: https://conda.anaconda.org/conda-forge/linux-64/gxx_impl_linux-64-15.2.0-hda75c37_18.conda
      - conda: https://conda.anaconda.org/conda-forge/noarch/kernel-headers_linux-64-4.18.0-he073ed8_9.conda
      - conda: https://conda.anaconda.org/conda-forge/linux-64/keyutils-1.6.3-hb9d3cd8_0.conda
      - conda: https://conda.anaconda.org/conda-forge/linux-64/krb5-1.22.2-ha1258a1_0.conda
      - conda: https://conda.anaconda.org/conda-forge/linux-64/ld_impl_linux-64-2.45.1-default_hbd61a6d_101.conda
      - conda: https://conda.anaconda.org/conda-forge/linux-64/libcurl-8.18.0-hcf29cc6_1.conda
      - conda: https://conda.anaconda.org/conda-forge/linux-64/libedit-3.1.20250104-pl5321h7949ede_0.conda
      - conda: https://conda.anaconda.org/conda-forge/linux-64/libev-4.33-hd590300_2.conda
      - conda: https://conda.anaconda.org/conda-forge/linux-64/libexpat-2.7.4-hecca717_0.conda
      - conda: https://conda.anaconda.org/conda-forge/linux-64/libgcc-15.2.0-he0feb66_18.conda
      - conda: https://conda.anaconda.org/conda-forge/noarch/libgcc-devel_linux-64-15.2.0-hcc6f6b0_118.conda
      - conda: https://conda.anaconda.org/conda-forge/linux-64/libgcc-ng-15.2.0-h69a702a_18.conda
      - conda: https://conda.anaconda.org/conda-forge/linux-64/libgomp-15.2.0-he0feb66_18.conda
      - conda: https://conda.anaconda.org/conda-forge/linux-64/liblzma-5.8.2-hb03c661_0.conda
      - conda: https://conda.anaconda.org/conda-forge/linux-64/libnghttp2-1.67.0-had1ee68_0.conda
      - conda: https://conda.anaconda.org/conda-forge/linux-64/libsanitizer-15.2.0-h90f66d4_18.conda
      - conda: https://conda.anaconda.org/conda-forge/linux-64/libssh2-1.11.1-hcf80075_0.conda
      - conda: https://conda.anaconda.org/conda-forge/linux-64/libstdcxx-15.2.0-h934c35e_18.conda
      - conda: https://conda.anaconda.org/conda-forge/noarch/libstdcxx-devel_linux-64-15.2.0-hd446a21_118.conda
      - conda: https://conda.anaconda.org/conda-forge/linux-64/libuv-1.51.0-hb03c661_1.conda
      - conda: https://conda.anaconda.org/conda-forge/linux-64/libzlib-1.3.1-hb9d3cd8_2.conda
      - conda: https://conda.anaconda.org/conda-forge/linux-64/ncurses-6.5-h2d0b736_3.conda
      - conda: https://conda.anaconda.org/conda-forge/linux-64/ninja-1.13.2-h171cf75_0.conda
      - conda: https://conda.anaconda.org/conda-forge/linux-64/openssl-3.6.1-h35e630c_1.conda
      - conda: https://conda.anaconda.org/conda-forge/linux-64/rhash-1.4.6-hb9d3cd8_1.conda
      - conda: https://conda.anaconda.org/conda-forge/noarch/sysroot_linux-64-2.28-h4ee821c_9.conda
      - conda: https://conda.anaconda.org/conda-forge/noarch/tzdata-2025c-hc9c84f9_1.conda
      - conda: https://conda.anaconda.org/conda-forge/linux-64/zstd-1.5.7-hb78ec9c_6.conda
      - conda: ./compiler/recipe.yaml
packages:
- conda: https://conda.anaconda.org/conda-forge/linux-64/_openmp_mutex-4.5-20_gnu.conda
  build_number: 20
  sha256: 1dd3fffd892081df9726d7eb7e0dea6198962ba775bd88842135a4ddb4deb3c9
  md5: a9f577daf3de00bca7c3c76c0ecbd1de
  depends:
  - __glibc >=2.17,<3.0.a0
  - libgomp >=7.5.0
  constrains:
  - openmp_impl <0.0a0
  license: BSD-3-Clause
  license_family: BSD
  size: 28948
  timestamp: 1770939786096
- conda: https://conda.anaconda.org/conda-forge/linux-64/binutils_impl_linux-64-2.45.1-default_hfdba357_101.conda
  sha256: 74341b26a2b9475dc14ba3cf12432fcd10a23af285101883e720216d81d44676
  md5: 83aa53cb3f5fc849851a84d777a60551
  depends:
  - ld_impl_linux-64 2.45.1 default_hbd61a6d_101
  - sysroot_linux-64
  - zstd >=1.5.7,<1.6.0a0
  license: GPL-3.0-only
  license_family: GPL
  size: 3744895
  timestamp: 1770267152681
- conda: https://conda.anaconda.org/conda-forge/linux-64/binutils_linux-64-2.45.1-default_h4852527_101.conda
  sha256: 4826f97d33cbe54459970a1e84500dbe0cccf8326aaf370e707372ae20ec5a47
  md5: dec96579f9a7035a59492bf6ee613b53
  depends:
  - binutils_impl_linux-64 2.45.1 default_hfdba357_101
  license: GPL-3.0-only
  license_family: GPL
  size: 36060
  timestamp: 1770267177798
- conda: https://conda.anaconda.org/conda-forge/linux-64/bzip2-1.0.8-hda65f42_9.conda
  sha256: 0b75d45f0bba3e95dc693336fa51f40ea28c980131fec438afb7ce6118ed05f6
  md5: d2ffd7602c02f2b316fd921d39876885
  depends:
  - __glibc >=2.17,<3.0.a0
  - libgcc >=14
  license: bzip2-1.0.6
  license_family: BSD
  size: 260182
  timestamp: 1771350215188
- conda: https://conda.anaconda.org/conda-forge/linux-64/c-ares-1.34.6-hb03c661_0.conda
  sha256: cc9accf72fa028d31c2a038460787751127317dcfa991f8d1f1babf216bb454e
  md5: 920bb03579f15389b9e512095ad995b7
  depends:
  - __glibc >=2.17,<3.0.a0
  - libgcc >=14
  license: MIT
  license_family: MIT
  size: 207882
  timestamp: 1765214722852
- conda: https://conda.anaconda.org/conda-forge/noarch/ca-certificates-2026.2.25-hbd8a1cb_0.conda
  sha256: 67cc7101b36421c5913a1687ef1b99f85b5d6868da3abbf6ec1a4181e79782fc
  md5: 4492fd26db29495f0ba23f146cd5638d
  depends:
  - __unix
  license: ISC
  size: 147413
  timestamp: 1772006283803
- conda: https://conda.anaconda.org/conda-forge/linux-64/cmake-4.2.3-hc85cc9f_1.conda
  sha256: 5ece78754577b8d9030ec1f09ce1cd481125f27d8d6fcdcfe2c1017661830c61
  md5: 51d37989c1758b5edfe98518088bf700
  depends:
  - __glibc >=2.17,<3.0.a0
  - bzip2 >=1.0.8,<2.0a0
  - libcurl >=8.18.0,<9.0a0
  - libexpat >=2.7.4,<3.0a0
  - libgcc >=14
  - liblzma >=5.8.2,<6.0a0
  - libstdcxx >=14
  - libuv >=1.51.0,<2.0a0
  - libzlib >=1.3.1,<2.0a0
  - ncurses >=6.5,<7.0a0
  - rhash >=1.4.6,<2.0a0
  - zstd >=1.5.7,<1.6.0a0
  license: BSD-3-Clause
  license_family: BSD
  size: 22330508
  timestamp: 1771383666798
- conda: https://conda.anaconda.org/conda-forge/linux-64/conda-gcc-specs-15.2.0-h53410ce_18.conda
  sha256: 031dc4af908cf604039f0a02b0ce86c52609bb1adedeeb66f0d9f23894339095
  md5: bdc9bf8cb0635231c4a14cc1b4f3b19f
  depends:
  - gcc_impl_linux-64 >=15.2.0,<15.2.1.0a0
  license: GPL-3.0-only WITH GCC-exception-3.1
  license_family: GPL
  size: 31688
  timestamp: 1771378484515
- conda: https://conda.anaconda.org/conda-forge/noarch/cuda-cccl_linux-64-12.9.27-ha770c72_0.conda
  sha256: 2ee3b9564ca326226e5cda41d11b251482df8e7c757e333d28ec75213c75d126
  md5: 87ff6381e33b76e5b9b179a2cdd005ec
  depends:
  - cuda-version >=12.9,<12.10.0a0
  license: LicenseRef-NVIDIA-End-User-License-Agreement
  size: 1150650
  timestamp: 1746189825236
- conda: https://conda.anaconda.org/conda-forge/noarch/cuda-crt-dev_linux-64-12.9.86-ha770c72_2.conda
  sha256: e6257534c4b4b6b8a1192f84191c34906ab9968c92680fa09f639e7846a87304
  md5: 79d280de61e18010df5997daea4743df
  depends:
  - cuda-version >=12.9,<12.10.0a0
  license: LicenseRef-NVIDIA-End-User-License-Agreement
  size: 94239
  timestamp: 1753975242354
- conda: https://conda.anaconda.org/conda-forge/linux-64/cuda-crt-tools-12.9.86-ha770c72_2.conda
  sha256: 2da9964591af14ba11b2379bed01d56e7185260ee0998d1a939add7fb752db45
  md5: 503a94e20d2690d534d676a764a1852c
  depends:
  - cuda-version >=12.9,<12.10.0a0
  license: LicenseRef-NVIDIA-End-User-License-Agreement
  size: 29138
  timestamp: 1753975252445
- conda: https://conda.anaconda.org/conda-forge/linux-64/cuda-cudart-12.9.79-h5888daf_0.conda
  sha256: 57d1294ecfaf9dc8cdb5fc4be3e63ebc7614538bddb5de53cfd9b1b7de43aed5
  md5: cb15315d19b58bd9cd424084e58ad081
  depends:
  - __glibc >=2.17,<3.0.a0
  - cuda-cudart_linux-64 12.9.79 h3f2d84a_0
  - cuda-version >=12.9,<12.10.0a0
  - libgcc >=13
  - libstdcxx >=13
  license: LicenseRef-NVIDIA-End-User-License-Agreement
  size: 23242
  timestamp: 1749218416505
- conda: https://conda.anaconda.org/conda-forge/linux-64/cuda-cudart-dev-12.9.79-h5888daf_0.conda
  sha256: 04d8235cb3cb3510c0492c3515a9d1a6053b50ef39be42b60cafb05044b5f4c6
  md5: ba38a7c3b4c14625de45784b773f0c71
  depends:
  - __glibc >=2.17,<3.0.a0
  - cuda-cudart 12.9.79 h5888daf_0
  - cuda-cudart-dev_linux-64 12.9.79 h3f2d84a_0
  - cuda-cudart-static 12.9.79 h5888daf_0
  - cuda-version >=12.9,<12.10.0a0
  - libgcc >=13
  - libstdcxx >=13
  license: LicenseRef-NVIDIA-End-User-License-Agreement
  size: 23687
  timestamp: 1749218464010
- conda: https://conda.anaconda.org/conda-forge/noarch/cuda-cudart-dev_linux-64-12.9.79-h3f2d84a_0.conda
  sha256: ffe86ed0144315b276f18020d836c8ef05bf971054cf7c3eb167af92494080d5
  md5: 86e40eb67d83f1a58bdafdd44e5a77c6
  depends:
  - cuda-cccl_linux-64
  - cuda-cudart-static_linux-64
  - cuda-cudart_linux-64
  - cuda-version >=12.9,<12.10.0a0
  license: LicenseRef-NVIDIA-End-User-License-Agreement
  size: 389140
  timestamp: 1749218427266
- conda: https://conda.anaconda.org/conda-forge/linux-64/cuda-cudart-static-12.9.79-h5888daf_0.conda
  sha256: 6261e1d9af80e1ec308e3e5e2ff825d189ef922d24093beaf6efca12e67ce060
  md5: d3c4ac48f4967f09dd910d9c15d40c81
  depends:
  - __glibc >=2.17,<3.0.a0
  - cuda-cudart-static_linux-64 12.9.79 h3f2d84a_0
  - cuda-version >=12.9,<12.10.0a0
  - libgcc >=13
  - libstdcxx >=13
  license: LicenseRef-NVIDIA-End-User-License-Agreement
  size: 23283
  timestamp: 1749218442382
- conda: https://conda.anaconda.org/conda-forge/noarch/cuda-cudart-static_linux-64-12.9.79-h3f2d84a_0.conda
  sha256: d435f8a19b59b52ce460ee3a6bfd877288a0d1d645119a6ba60f1c3627dc5032
  md5: b87bf315d81218dd63eb46cc1eaef775
  depends:
  - cuda-version >=12.9,<12.10.0a0
  license: LicenseRef-NVIDIA-End-User-License-Agreement
  size: 1148889
  timestamp: 1749218381225
- conda: https://conda.anaconda.org/conda-forge/noarch/cuda-cudart_linux-64-12.9.79-h3f2d84a_0.conda
  sha256: 6cde0ace2b995b49d0db2eefb7bc30bf00ffc06bb98ef7113632dec8f8907475
  md5: 64508631775fbbf9eca83c84b1df0cae
  depends:
  - cuda-version >=12.9,<12.10.0a0
  license: LicenseRef-NVIDIA-End-User-License-Agreement
  size: 197249
  timestamp: 1749218394213
- conda: https://conda.anaconda.org/conda-forge/noarch/cuda-driver-dev_linux-64-12.9.79-h3f2d84a_0.conda
  sha256: a15574d966e73135a79d5e6570c87e13accdb44bd432449b5deea71644ad442c
  md5: d411828daa36ac84eab210ba3bbe5a64
  depends:
  - cuda-version >=12.9,<12.10.0a0
  license: LicenseRef-NVIDIA-End-User-License-Agreement
  size: 37714
  timestamp: 1749218405324
- conda: https://conda.anaconda.org/conda-forge/linux-64/cuda-nvcc-12.9.86-hcdd1206_6.conda
  sha256: f7c5de6b1f0f463f73c78cc73439027cdd5cb94fb4ce099116969812973cabcb
  md5: 02289b10ac97bac35ad1add086c5072a
  depends:
  - cuda-nvcc_linux-64 12.9.86.*
  - gcc_linux-64
  - gxx_linux-64
  license: LicenseRef-NVIDIA-End-User-License-Agreement
  size: 25472
  timestamp: 1771619493470
- conda: https://conda.anaconda.org/conda-forge/noarch/cuda-nvcc-dev_linux-64-12.9.86-he91c749_2.conda
  sha256: a1672a34439a72869de9e011e935d41b62fc8dfb1a2700e85ed8a7a129b79981
  md5: 19d4e090217f0ea89d30bedb7461c048
  depends:
  - cuda-crt-dev_linux-64 12.9.86 ha770c72_2
  - cuda-nvvm-dev_linux-64 12.9.86 ha770c72_2
  - cuda-version >=12.9,<12.10.0a0
  - libgcc >=6
  - libnvptxcompiler-dev_linux-64 12.9.86 ha770c72_2
  constrains:
  - gcc_impl_linux-64 >=6,<15.0a0
  license: LicenseRef-NVIDIA-End-User-License-Agreement
  size: 28121
  timestamp: 1753975535813
- conda: https://conda.anaconda.org/conda-forge/linux-64/cuda-nvcc-impl-12.9.86-h85509e4_2.conda
  sha256: 961cf20d411b7685cd744e6c6ed35efea547d095c62151d6f3053d9931bb994d
  md5: 67458d2685e7503933efa550f3ee40f3
  depends:
  - cuda-cudart >=12.9.79,<13.0a0
  - cuda-cudart-dev
  - cuda-nvcc-dev_linux-64 12.9.86 he91c749_2
  - cuda-nvcc-tools 12.9.86 he02047a_2
  - cuda-nvvm-impl 12.9.86 h4bc722e_2
  - cuda-version >=12.9,<12.10.0a0
  - libnvptxcompiler-dev 12.9.86 ha770c72_2
  constrains:
  - gcc_impl_linux-64 >=6,<15.0a0
  license: LicenseRef-NVIDIA-End-User-License-Agreement
  size: 27215
  timestamp: 1753975546846
- conda: https://conda.anaconda.org/conda-forge/linux-64/cuda-nvcc-tools-12.9.86-he02047a_2.conda
  sha256: 0e849be7b5e4832ca218ec2c48a9ba3a15a984f629e2e54f38a53f4f57220341
  md5: dc256c9864c2e8e9c817fbca1c84a4bc
  depends:
  - __glibc >=2.17,<3.0.a0
  - cuda-crt-tools 12.9.86 ha770c72_2
  - cuda-nvvm-tools 12.9.86 h4bc722e_2
  - cuda-version >=12.9,<12.10.0a0
  - libgcc >=12
  - libstdcxx >=12
  constrains:
  - gcc_impl_linux-64 >=6,<15.0a0
  license: LicenseRef-NVIDIA-End-User-License-Agreement
  size: 27380012
  timestamp: 1753975454194
- conda: https://conda.anaconda.org/conda-forge/linux-64/cuda-nvcc_linux-64-12.9.86-he0b4e1d_6.conda
  sha256: c506221dafb7cfd081f7d12d01d8e8ab9b29adfcc7d69d61fedd3232174e4016
  md5: 359d05bc3ec5d3a467eb558e3844aea2
  depends:
  - __glibc >=2.17,<3.0.a0
  - cuda-cudart-dev_linux-64 12.9.*
  - cuda-driver-dev_linux-64 12.9.*
  - cuda-nvcc-dev_linux-64 12.9.86.*
  - cuda-nvcc-impl 12.9.86.*
  - cuda-nvcc-tools 12.9.86.*
  - sysroot_linux-64 >=2.17,<3.0a0
  license: LicenseRef-NVIDIA-End-User-License-Agreement
  size: 27575
  timestamp: 1771619492974
- conda: https://conda.anaconda.org/conda-forge/noarch/cuda-nvvm-dev_linux-64-12.9.86-ha770c72_2.conda
  sha256: 522722dcaffd133e0c7500c69dc70e21ac34d6762dcbaabfe847439f944028f0
  md5: 7b386291414c7eea113d25ac28a33772
  depends:
  - cuda-version >=12.9,<12.10.0a0
  license: LicenseRef-NVIDIA-End-User-License-Agreement
  size: 27096
  timestamp: 1753975261562
- conda: https://conda.anaconda.org/conda-forge/linux-64/cuda-nvvm-impl-12.9.86-h4bc722e_2.conda
  sha256: f4d34556174e4faa9d374ba2244707082870e1bbc1bb441ad3d9d2cea37da6af
  md5: 82125dd3c0c4aa009faa00e2829b93d8
  depends:
  - __glibc >=2.17,<3.0.a0
  - cuda-version >=12.9,<12.10.0a0
  - libgcc >=12
  license: LicenseRef-NVIDIA-End-User-License-Agreement
  size: 21425520
  timestamp: 1753975283188
- conda: https://conda.anaconda.org/conda-forge/linux-64/cuda-nvvm-tools-12.9.86-h4bc722e_2.conda
  sha256: 45f5e881ed0d973132a5475a0b5c066db6e748ef3a831a14dba8374b252e0067
  md5: f9af26e4079adcd72688a8e8dbecb229
  depends:
  - __glibc >=2.17,<3.0.a0
  - cuda-version >=12.9,<12.10.0a0
  - libgcc >=12
  license: LicenseRef-NVIDIA-End-User-License-Agreement
  size: 24246736
  timestamp: 1753975332907
- conda: https://conda.anaconda.org/conda-forge/noarch/cuda-version-12.9-h4f385c5_3.conda
  sha256: 5f5f428031933f117ff9f7fcc650e6ea1b3fef5936cf84aa24af79167513b656
  md5: b6d5d7f1c171cbd228ea06b556cfa859
  constrains:
  - cudatoolkit 12.9|12.9.*
  - __cuda >=12
  license: LicenseRef-NVIDIA-End-User-License-Agreement
  size: 21578
  timestamp: 1746134436166
- conda: https://conda.anaconda.org/conda-forge/linux-64/gcc-15.2.0-h0dff253_18.conda
  sha256: 2b9dd26eb0c1d4ff93a1c87ff3a7fa81454f9b73c29aa7cdb439d067b03f7ced
  md5: 9a992f62edc4c3858cf5838360643b41
  depends:
  - conda-gcc-specs
  - gcc_impl_linux-64 15.2.0 he420e7e_18
  license: BSD-3-Clause
  license_family: BSD
  size: 29458
  timestamp: 1771378644331
- conda: https://conda.anaconda.org/conda-forge/linux-64/gcc_impl_linux-64-14.3.0-hbdf3cc3_18.conda
  sha256: 3b31a273b806c6851e16e9cf63ef87cae28d19be0df148433f3948e7da795592
  md5: 30bb690150536f622873758b0e8d6712
  depends:
  - binutils_impl_linux-64 >=2.45
  - libgcc >=14.3.0
  - libgcc-devel_linux-64 14.3.0 hf649bbc_118
  - libgomp >=14.3.0
  - libsanitizer 14.3.0 h8f1669f_18
  - libstdcxx >=14.3.0
  - libstdcxx-devel_linux-64 14.3.0 h9f08a49_118
  - sysroot_linux-64
  license: GPL-3.0-only WITH GCC-exception-3.1
  license_family: GPL
  size: 76302378
  timestamp: 1771378056505
- conda: https://conda.anaconda.org/conda-forge/linux-64/gcc_impl_linux-64-15.2.0-he420e7e_18.conda
  sha256: a088cfd3ae6fa83815faa8703bc9d21cc915f17bd1b51aac9c16ddf678da21e4
  md5: cf56b6d74f580b91fd527e10d9a2e324
  depends:
  - binutils_impl_linux-64 >=2.45
  - libgcc >=15.2.0
  - libgcc-devel_linux-64 15.2.0 hcc6f6b0_118
  - libgomp >=15.2.0
  - libsanitizer 15.2.0 h90f66d4_18
  - libstdcxx >=15.2.0
  - libstdcxx-devel_linux-64 15.2.0 hd446a21_118
  - sysroot_linux-64
  license: GPL-3.0-only WITH GCC-exception-3.1
  license_family: GPL
  size: 81814135
  timestamp: 1771378369317
- conda: https://conda.anaconda.org/conda-forge/linux-64/gcc_linux-64-14.3.0-h298d278_21.conda
  sha256: 27ad0cd10dccffca74e20fb38c9f8643ff8fce56eee260bf89fa257d5ab0c90a
  md5: 1403ed5fe091bd7442e4e8a229d14030
  depends:
  - gcc_impl_linux-64 14.3.0.*
  - binutils_linux-64
  - sysroot_linux-64
  license: BSD-3-Clause
  license_family: BSD
  size: 28946
  timestamp: 1770908213807
- conda: https://conda.anaconda.org/conda-forge/linux-64/gxx-15.2.0-h834e499_7.conda
  sha256: daa8be8e1ee8b01a4f632e421ff0fb7dcbf6aabfb036fc67f61495775fb576b8
  md5: d9e0c692abcf86b9b259825454b0ae40
  depends:
  - gcc 15.2.0.*
  - gxx_impl_linux-64 15.2.0.*
  license: BSD-3-Clause
  license_family: BSD
  size: 30506
  timestamp: 1759968643632
- conda: https://conda.anaconda.org/conda-forge/linux-64/gxx_impl_linux-64-14.3.0-h2185e75_18.conda
  sha256: 38ffca57cc9c264d461ac2ce9464a9d605e0f606d92d831de9075cb0d95fc68a
  md5: 6514b3a10e84b6a849e1b15d3753eb22
  depends:
  - gcc_impl_linux-64 14.3.0 hbdf3cc3_18
  - libstdcxx-devel_linux-64 14.3.0 h9f08a49_118
  - sysroot_linux-64
  - tzdata
  license: GPL-3.0-only WITH GCC-exception-3.1
  license_family: GPL
  size: 14566100
  timestamp: 1771378271421
- conda: https://conda.anaconda.org/conda-forge/linux-64/gxx_impl_linux-64-15.2.0-hda75c37_18.conda
  sha256: 48946f1f43d699b68123fb39329ef5acf3d9cbf8f96bdb8fb14b6197f5402825
  md5: e39123ab71f2e4cf989aa6aa5fafdaaf
  depends:
  - gcc_impl_linux-64 15.2.0 he420e7e_18
  - libstdcxx-devel_linux-64 15.2.0 hd446a21_118
  - sysroot_linux-64
  - tzdata
  license: GPL-3.0-only WITH GCC-exception-3.1
  license_family: GPL
  size: 15587873
  timestamp: 1771378609722
- conda: https://conda.anaconda.org/conda-forge/linux-64/gxx_linux-64-14.3.0-he467f4b_21.conda
  sha256: 1e07c197e0779fa9105e59cd55a835ded96bfde59eb169439736a89b27b48e5d
  md5: 7b51f4ff82eeb1f386bfee20a7bed3ed
  depends:
  - gxx_impl_linux-64 14.3.0.*
  - gcc_linux-64 ==14.3.0 h298d278_21
  - binutils_linux-64
  - sysroot_linux-64
  license: BSD-3-Clause
  license_family: BSD
  size: 27503
  timestamp: 1770908213813
- conda: https://conda.anaconda.org/conda-forge/noarch/kernel-headers_linux-64-4.18.0-he073ed8_9.conda
  sha256: 41557eeadf641de6aeae49486cef30d02a6912d8da98585d687894afd65b356a
  md5: 86d9cba083cd041bfbf242a01a7a1999
  constrains:
  - sysroot_linux-64 ==2.28
  license: LGPL-2.0-or-later AND LGPL-2.0-or-later WITH exceptions AND GPL-2.0-or-later
  license_family: GPL
  size: 1278712
  timestamp: 1765578681495
- conda: https://conda.anaconda.org/conda-forge/linux-64/keyutils-1.6.3-hb9d3cd8_0.conda
  sha256: 0960d06048a7185d3542d850986d807c6e37ca2e644342dd0c72feefcf26c2a4
  md5: b38117a3c920364aff79f870c984b4a3
  depends:
  - __glibc >=2.17,<3.0.a0
  - libgcc >=13
  license: LGPL-2.1-or-later
  size: 134088
  timestamp: 1754905959823
- conda: https://conda.anaconda.org/conda-forge/linux-64/krb5-1.22.2-ha1258a1_0.conda
  sha256: 3e307628ca3527448dd1cb14ad7bb9d04d1d28c7d4c5f97ba196ae984571dd25
  md5: fb53fb07ce46a575c5d004bbc96032c2
  depends:
  - __glibc >=2.17,<3.0.a0
  - keyutils >=1.6.3,<2.0a0
  - libedit >=3.1.20250104,<3.2.0a0
  - libedit >=3.1.20250104,<4.0a0
  - libgcc >=14
  - libstdcxx >=14
  - openssl >=3.5.5,<4.0a0
  license: MIT
  license_family: MIT
  size: 1386730
  timestamp: 1769769569681
- conda: https://conda.anaconda.org/conda-forge/linux-64/ld_impl_linux-64-2.45.1-default_hbd61a6d_101.conda
  sha256: 565941ac1f8b0d2f2e8f02827cbca648f4d18cd461afc31f15604cd291b5c5f3
  md5: 12bd9a3f089ee6c9266a37dab82afabd
  depends:
  - __glibc >=2.17,<3.0.a0
  - zstd >=1.5.7,<1.6.0a0
  constrains:
  - binutils_impl_linux-64 2.45.1
  license: GPL-3.0-only
  license_family: GPL
  size: 725507
  timestamp: 1770267139900
- conda: https://conda.anaconda.org/conda-forge/linux-64/libcurl-8.18.0-hcf29cc6_1.conda
  sha256: c84e8dccb65ad5149c0121e4b54bdc47fa39303fd5f4979b8c44bb51b39a369b
  md5: 1707cdd636af2ff697b53186572c9f77
  depends:
  - __glibc >=2.17,<3.0.a0
  - krb5 >=1.22.2,<1.23.0a0
  - libgcc >=14
  - libnghttp2 >=1.67.0,<2.0a0
  - libssh2 >=1.11.1,<2.0a0
  - libzlib >=1.3.1,<2.0a0
  - openssl >=3.5.5,<4.0a0
  - zstd >=1.5.7,<1.6.0a0
  license: curl
  license_family: MIT
  size: 463621
  timestamp: 1770892808818
- conda: https://conda.anaconda.org/conda-forge/linux-64/libedit-3.1.20250104-pl5321h7949ede_0.conda
  sha256: d789471216e7aba3c184cd054ed61ce3f6dac6f87a50ec69291b9297f8c18724
  md5: c277e0a4d549b03ac1e9d6cbbe3d017b
  depends:
  - ncurses
  - __glibc >=2.17,<3.0.a0
  - libgcc >=13
  - ncurses >=6.5,<7.0a0
  license: BSD-2-Clause
  license_family: BSD
  size: 134676
  timestamp: 1738479519902
- conda: https://conda.anaconda.org/conda-forge/linux-64/libev-4.33-hd590300_2.conda
  sha256: 1cd6048169fa0395af74ed5d8f1716e22c19a81a8a36f934c110ca3ad4dd27b4
  md5: 172bf1cd1ff8629f2b1179945ed45055
  depends:
  - libgcc-ng >=12
  license: BSD-2-Clause
  license_family: BSD
  size: 112766
  timestamp: 1702146165126
- conda: https://conda.anaconda.org/conda-forge/linux-64/libexpat-2.7.4-hecca717_0.conda
  sha256: d78f1d3bea8c031d2f032b760f36676d87929b18146351c4464c66b0869df3f5
  md5: e7f7ce06ec24cfcfb9e36d28cf82ba57
  depends:
  - __glibc >=2.17,<3.0.a0
  - libgcc >=14
  constrains:
  - expat 2.7.4.*
  license: MIT
  license_family: MIT
  size: 76798
  timestamp: 1771259418166
- conda: https://conda.anaconda.org/conda-forge/linux-64/libgcc-15.2.0-he0feb66_18.conda
  sha256: faf7d2017b4d718951e3a59d081eb09759152f93038479b768e3d612688f83f5
  md5: 0aa00f03f9e39fb9876085dee11a85d4
  depends:
  - __glibc >=2.17,<3.0.a0
  - _openmp_mutex >=4.5
  constrains:
  - libgcc-ng ==15.2.0=*_18
  - libgomp 15.2.0 he0feb66_18
  license: GPL-3.0-only WITH GCC-exception-3.1
  license_family: GPL
  size: 1041788
  timestamp: 1771378212382
- conda: https://conda.anaconda.org/conda-forge/noarch/libgcc-devel_linux-64-14.3.0-hf649bbc_118.conda
  sha256: 1abc6a81ee66e8ac9ac09a26e2d6ad7bba23f0a0cc3a6118654f036f9c0e1854
  md5: 06901733131833f5edd68cf3d9679798
  depends:
  - __unix
  license: GPL-3.0-only WITH GCC-exception-3.1
  license_family: GPL
  size: 3084533
  timestamp: 1771377786730
- conda: https://conda.anaconda.org/conda-forge/noarch/libgcc-devel_linux-64-15.2.0-hcc6f6b0_118.conda
  sha256: af69fc5852908d26e5b630b270982ac792506551dd6af1614bf0370dd5ab5746
  md5: 5d3a96d55f1be45fef88ee23155effd9
  depends:
  - __unix
  license: GPL-3.0-only WITH GCC-exception-3.1
  license_family: GPL
  size: 3085932
  timestamp: 1771378098166
- conda: https://conda.anaconda.org/conda-forge/linux-64/libgcc-ng-15.2.0-h69a702a_18.conda
  sha256: e318a711400f536c81123e753d4c797a821021fb38970cebfb3f454126016893
  md5: d5e96b1ed75ca01906b3d2469b4ce493
  depends:
  - libgcc 15.2.0 he0feb66_18
  license: GPL-3.0-only WITH GCC-exception-3.1
  license_family: GPL
  size: 27526
  timestamp: 1771378224552
- conda: https://conda.anaconda.org/conda-forge/linux-64/libgomp-15.2.0-he0feb66_18.conda
  sha256: 21337ab58e5e0649d869ab168d4e609b033509de22521de1bfed0c031bfc5110
  md5: 239c5e9546c38a1e884d69effcf4c882
  depends:
  - __glibc >=2.17,<3.0.a0
  license: GPL-3.0-only WITH GCC-exception-3.1
  license_family: GPL
  size: 603262
  timestamp: 1771378117851
- conda: https://conda.anaconda.org/conda-forge/linux-64/liblzma-5.8.2-hb03c661_0.conda
  sha256: 755c55ebab181d678c12e49cced893598f2bab22d582fbbf4d8b83c18be207eb
  md5: c7c83eecbb72d88b940c249af56c8b17
  depends:
  - __glibc >=2.17,<3.0.a0
  - libgcc >=14
  constrains:
  - xz 5.8.2.*
  license: 0BSD
  size: 113207
  timestamp: 1768752626120
- conda: https://conda.anaconda.org/conda-forge/linux-64/libnghttp2-1.67.0-had1ee68_0.conda
  sha256: a4a7dab8db4dc81c736e9a9b42bdfd97b087816e029e221380511960ac46c690
  md5: b499ce4b026493a13774bcf0f4c33849
  depends:
  - __glibc >=2.17,<3.0.a0
  - c-ares >=1.34.5,<2.0a0
  - libev >=4.33,<4.34.0a0
  - libev >=4.33,<5.0a0
  - libgcc >=14
  - libstdcxx >=14
  - libzlib >=1.3.1,<2.0a0
  - openssl >=3.5.2,<4.0a0
  license: MIT
  license_family: MIT
  size: 666600
  timestamp: 1756834976695
- conda: https://conda.anaconda.org/conda-forge/linux-64/libnvptxcompiler-dev-12.9.86-ha770c72_2.conda
  sha256: 1e7a7b34f8639a5feb75ba864127059e4d83edfe1a516547f0dbb9941e7b8f8b
  md5: 3fd926c321c6dbf386aa14bd8b125bfb
  depends:
  - cuda-version >=12.9,<12.10.0a0
  - libnvptxcompiler-dev_linux-64 12.9.86 ha770c72_2
  license: LicenseRef-NVIDIA-End-User-License-Agreement
  size: 27046
  timestamp: 1753975516342
- conda: https://conda.anaconda.org/conda-forge/noarch/libnvptxcompiler-dev_linux-64-12.9.86-ha770c72_2.conda
  sha256: 17952c32eac197a59c119fdf3fb6f08c6a29c225a80bae141ac904ad212b87dd
  md5: a66a909acf08924aced622903832a937
  depends:
  - cuda-version >=12.9,<12.10.0a0
  license: LicenseRef-NVIDIA-End-User-License-Agreement
  size: 14422867
  timestamp: 1753975387297
- conda: https://conda.anaconda.org/conda-forge/linux-64/libsanitizer-14.3.0-h8f1669f_18.conda
  sha256: e03ed186eefb46d7800224ad34bad1268c9d19ecb8f621380a50601c6221a4a7
  md5: ad3a0e2dc4cce549b2860e2ef0e6d75b
  depends:
  - __glibc >=2.17,<3.0.a0
  - libgcc >=14.3.0
  - libstdcxx >=14.3.0
  license: GPL-3.0-only WITH GCC-exception-3.1
  license_family: GPL
  size: 7949259
  timestamp: 1771377982207
- conda: https://conda.anaconda.org/conda-forge/linux-64/libsanitizer-15.2.0-h90f66d4_18.conda
  sha256: 0329e23d54a567c259adc962a62172eaa55e6ca33c105ef67b4f3cdb4ef70eaa
  md5: ff754fbe790d4e70cf38aea3668c3cb3
  depends:
  - __glibc >=2.17,<3.0.a0
  - libgcc >=15.2.0
  - libstdcxx >=15.2.0
  license: GPL-3.0-only WITH GCC-exception-3.1
  license_family: GPL
  size: 8095113
  timestamp: 1771378289674
- conda: https://conda.anaconda.org/conda-forge/linux-64/libssh2-1.11.1-hcf80075_0.conda
  sha256: fa39bfd69228a13e553bd24601332b7cfeb30ca11a3ca50bb028108fe90a7661
  md5: eecce068c7e4eddeb169591baac20ac4
  depends:
  - __glibc >=2.17,<3.0.a0
  - libgcc >=13
  - libzlib >=1.3.1,<2.0a0
  - openssl >=3.5.0,<4.0a0
  license: BSD-3-Clause
  license_family: BSD
  size: 304790
  timestamp: 1745608545575
- conda: https://conda.anaconda.org/conda-forge/linux-64/libstdcxx-15.2.0-h934c35e_18.conda
  sha256: 78668020064fdaa27e9ab65cd2997e2c837b564ab26ce3bf0e58a2ce1a525c6e
  md5: 1b08cd684f34175e4514474793d44bcb
  depends:
  - __glibc >=2.17,<3.0.a0
  - libgcc 15.2.0 he0feb66_18
  constrains:
  - libstdcxx-ng ==15.2.0=*_18
  license: GPL-3.0-only WITH GCC-exception-3.1
  license_family: GPL
  size: 5852330
  timestamp: 1771378262446
- conda: https://conda.anaconda.org/conda-forge/noarch/libstdcxx-devel_linux-64-14.3.0-h9f08a49_118.conda
  sha256: b1c3824769b92a1486bf3e2cc5f13304d83ae613ea061b7bc47bb6080d6dfdba
  md5: 865a399bce236119301ebd1532fced8d
  depends:
  - __unix
  license: GPL-3.0-only WITH GCC-exception-3.1
  license_family: GPL
  size: 20171098
  timestamp: 1771377827750
- conda: https://conda.anaconda.org/conda-forge/noarch/libstdcxx-devel_linux-64-15.2.0-hd446a21_118.conda
  sha256: 138ee40ba770abf4556ee9981879da9e33299f406a450831b48c1c397d7d0833
  md5: a50630d1810916fc252b2152f1dc9d6d
  depends:
  - __unix
  license: GPL-3.0-only WITH GCC-exception-3.1
  license_family: GPL
  size: 20669511
  timestamp: 1771378139786
- conda: https://conda.anaconda.org/conda-forge/linux-64/libuv-1.51.0-hb03c661_1.conda
  sha256: c180f4124a889ac343fc59d15558e93667d894a966ec6fdb61da1604481be26b
  md5: 0f03292cc56bf91a077a134ea8747118
  depends:
  - __glibc >=2.17,<3.0.a0
  - libgcc >=14
  license: MIT
  license_family: MIT
  size: 895108
  timestamp: 1753948278280
- conda: https://conda.anaconda.org/conda-forge/linux-64/libzlib-1.3.1-hb9d3cd8_2.conda
  sha256: d4bfe88d7cb447768e31650f06257995601f89076080e76df55e3112d4e47dc4
  md5: edb0dca6bc32e4f4789199455a1dbeb8
  depends:
  - __glibc >=2.17,<3.0.a0
  - libgcc >=13
  constrains:
  - zlib 1.3.1 *_2
  license: Zlib
  license_family: Other
  size: 60963
  timestamp: 1727963148474
- conda: https://conda.anaconda.org/conda-forge/linux-64/ncurses-6.5-h2d0b736_3.conda
  sha256: 3fde293232fa3fca98635e1167de6b7c7fda83caf24b9d6c91ec9eefb4f4d586
  md5: 47e340acb35de30501a76c7c799c41d7
  depends:
  - __glibc >=2.17,<3.0.a0
  - libgcc >=13
  license: X11 AND BSD-3-Clause
  size: 891641
  timestamp: 1738195959188
- conda: https://conda.anaconda.org/conda-forge/linux-64/ninja-1.13.2-h171cf75_0.conda
  sha256: 6f7d59dbec0a7b00bf5d103a4306e8886678b796ff2151b62452d4582b2a53fb
  md5: b518e9e92493721281a60fa975bddc65
  depends:
  - libstdcxx >=14
  - libgcc >=14
  - __glibc >=2.17,<3.0.a0
  license: Apache-2.0
  license_family: APACHE
  size: 186323
  timestamp: 1763688260928
- conda: https://conda.anaconda.org/conda-forge/linux-64/openssl-3.6.1-h35e630c_1.conda
  sha256: 44c877f8af015332a5d12f5ff0fb20ca32f896526a7d0cdb30c769df1144fb5c
  md5: f61eb8cd60ff9057122a3d338b99c00f
  depends:
  - __glibc >=2.17,<3.0.a0
  - ca-certificates
  - libgcc >=14
  license: Apache-2.0
  license_family: Apache
  size: 3164551
  timestamp: 1769555830639
- conda: https://conda.anaconda.org/conda-forge/linux-64/rhash-1.4.6-hb9d3cd8_1.conda
  sha256: d5c73079c1dd2c2a313c3bfd81c73dbd066b7eb08d213778c8bff520091ae894
  md5: c1c9b02933fdb2cfb791d936c20e887e
  depends:
  - __glibc >=2.17,<3.0.a0
  - libgcc >=13
  license: MIT
  license_family: MIT
  size: 193775
  timestamp: 1748644872902
- conda: ./compiler/recipe.yaml
  name: scale-compiler
  version: 0.0+latest
  build: hb0f4dca_0
  subdir: linux-64
  variants:
    target_platform: linux-64
  depends:
  - gcc
  - gxx
  license: LicenseRef-LICENSE.txt
- conda: https://conda.anaconda.org/conda-forge/noarch/sysroot_linux-64-2.28-h4ee821c_9.conda
  sha256: c47299fe37aebb0fcf674b3be588e67e4afb86225be4b0d452c7eb75c086b851
  md5: 13dc3adbc692664cd3beabd216434749
  depends:
  - __glibc >=2.28
  - kernel-headers_linux-64 4.18.0 he073ed8_9
  - tzdata
  license: LGPL-2.0-or-later AND LGPL-2.0-or-later WITH exceptions AND GPL-2.0-or-later
  license_family: GPL
  size: 24008591
  timestamp: 1765578833462
- conda: https://conda.anaconda.org/conda-forge/noarch/tzdata-2025c-hc9c84f9_1.conda
  sha256: 1d30098909076af33a35017eed6f2953af1c769e273a0626a04722ac4acaba3c
  md5: ad659d0a2b3e47e38d829aa8cad2d610
  license: LicenseRef-Public-Domain
  size: 119135
  timestamp: 1767016325805
- conda: https://conda.anaconda.org/conda-forge/linux-64/zstd-1.5.7-hb78ec9c_6.conda
  sha256: 68f0206ca6e98fea941e5717cec780ed2873ffabc0e1ed34428c061e2c6268c7
  md5: 4a13eeac0b5c8e5b8ab496e6c4ddd829
  depends:
  - __glibc >=2.17,<3.0.a0
  - libzlib >=1.3.1,<2.0a0
  license: BSD-3-Clause
  license_family: BSD
  size: 601375
  timestamp: 1764777111296
